
Microsoft Visual Studio Solution File, Format Version 12.00
# Visual Studio 15
VisualStudioVersion = 15.0.28307.271
MinimumVisualStudioVersion = 10.0.40219.1
Project("{FAE04EC0-301F-11D3-BF4B-00C04F79EFBC}") = "HEFS_Reader", "HEFS_Reader\HEFS_Reader.csproj", "{1860E5C4-5058-4D5F-B531-C08F2A3853AB}"
EndProject
Project("{FAE04EC0-301F-11D3-BF4B-00C04F79EFBC}") = "HEFSConverter", "HEFSConverter\HEFSConverter.csproj", "{7F88DF79-5DF9-4845-B96A-9755B06EE35F}"
EndProject
Global
	GlobalSection(SolutionConfigurationPlatforms) = preSolution
		Debug|Any CPU = Debug|Any CPU
		Release|Any CPU = Release|Any CPU
	EndGlobalSection
	GlobalSection(ProjectConfigurationPlatforms) = postSolution
		{1860E5C4-5058-4D5F-B531-C08F2A3853AB}.Debug|Any CPU.ActiveCfg = Debug|Any CPU
		{1860E5C4-5058-4D5F-B531-C08F2A3853AB}.Debug|Any CPU.Build.0 = Debug|Any CPU
		{1860E5C4-5058-4D5F-B531-C08F2A3853AB}.Release|Any CPU.ActiveCfg = Release|Any CPU
		{1860E5C4-5058-4D5F-B531-C08F2A3853AB}.Release|Any CPU.Build.0 = Release|Any CPU
		{7F88DF79-5DF9-4845-B96A-9755B06EE35F}.Debug|Any CPU.ActiveCfg = Debug|Any CPU
		{7F88DF79-5DF9-4845-B96A-9755B06EE35F}.Debug|Any CPU.Build.0 = Debug|Any CPU
		{7F88DF79-5DF9-4845-B96A-9755B06EE35F}.Release|Any CPU.ActiveCfg = Release|Any CPU
		{7F88DF79-5DF9-4845-B96A-9755B06EE35F}.Release|Any CPU.Build.0 = Release|Any CPU
	EndGlobalSection
	GlobalSection(SolutionProperties) = preSolution
		HideSolutionNode = FALSE
	EndGlobalSection
	GlobalSection(ExtensibilityGlobals) = postSolution
		SolutionGuid = {ACE86ABE-A606-41A6-A69C-6BBF90FAC7B6}
	EndGlobalSection
EndGlobal
