
Microsoft Visual Studio Solution File, Format Version 12.00
# Visual Studio Version 16
VisualStudioVersion = 16.0.29326.143
MinimumVisualStudioVersion = 10.0.40219.1
Project("{9A19103F-16F7-4668-BE54-9A1E7A4F7556}") = "HEFSConverter", "HEFSConverter\HEFSConverter.csproj", "{7F88DF79-5DF9-4845-B96A-9755B06EE35F}"
EndProject
Project("{FAE04EC0-301F-11D3-BF4B-00C04F79EFBC}") = "HEFS_Downloader", "HEFS_Downloader\HEFS_Downloader.csproj", "{53B8C758-A300-4B91-BB7F-460355DAA6E7}"
EndProject
Project("{FAE04EC0-301F-11D3-BF4B-00C04F79EFBC}") = "EnsembleUnitTests", "EnsembleUnitTests\EnsembleUnitTests.csproj", "{FDC1C6B1-3910-47FD-A9C7-E31F911B03AA}"
EndProject
Project("{FAE04EC0-301F-11D3-BF4B-00C04F79EFBC}") = "pipe-cutter", "pipe-cutter\pipe-cutter.csproj", "{9A52A8E3-2EAD-452A-A773-73C3F03E2039}"
EndProject
Project("{FAE04EC0-301F-11D3-BF4B-00C04F79EFBC}") = "Reclamation.Core", "..\Pisces\Core\Reclamation.Core.csproj", "{80C73D4C-43CF-42DE-ADDC-7B0F06ECF086}"
EndProject
Project("{FAE04EC0-301F-11D3-BF4B-00C04F79EFBC}") = "Reclamation.TimeSeries", "..\Pisces\TimeSeries\Reclamation.TimeSeries.csproj", "{5DD20A8A-4037-4885-AB91-2F5A3D1F48B4}"
EndProject
Global
	GlobalSection(SolutionConfigurationPlatforms) = preSolution
		Debug|Any CPU = Debug|Any CPU
		Release|Any CPU = Release|Any CPU
	EndGlobalSection
	GlobalSection(ProjectConfigurationPlatforms) = postSolution
		{7F88DF79-5DF9-4845-B96A-9755B06EE35F}.Debug|Any CPU.ActiveCfg = Debug|Any CPU
		{7F88DF79-5DF9-4845-B96A-9755B06EE35F}.Debug|Any CPU.Build.0 = Debug|Any CPU
		{7F88DF79-5DF9-4845-B96A-9755B06EE35F}.Release|Any CPU.ActiveCfg = Release|Any CPU
		{7F88DF79-5DF9-4845-B96A-9755B06EE35F}.Release|Any CPU.Build.0 = Release|Any CPU
		{53B8C758-A300-4B91-BB7F-460355DAA6E7}.Debug|Any CPU.ActiveCfg = Debug|Any CPU
		{53B8C758-A300-4B91-BB7F-460355DAA6E7}.Debug|Any CPU.Build.0 = Debug|Any CPU
		{53B8C758-A300-4B91-BB7F-460355DAA6E7}.Release|Any CPU.ActiveCfg = Release|Any CPU
		{53B8C758-A300-4B91-BB7F-460355DAA6E7}.Release|Any CPU.Build.0 = Release|Any CPU
		{FDC1C6B1-3910-47FD-A9C7-E31F911B03AA}.Debug|Any CPU.ActiveCfg = Debug|Any CPU
		{FDC1C6B1-3910-47FD-A9C7-E31F911B03AA}.Debug|Any CPU.Build.0 = Debug|Any CPU
		{FDC1C6B1-3910-47FD-A9C7-E31F911B03AA}.Release|Any CPU.ActiveCfg = Release|Any CPU
		{FDC1C6B1-3910-47FD-A9C7-E31F911B03AA}.Release|Any CPU.Build.0 = Release|Any CPU
		{9A52A8E3-2EAD-452A-A773-73C3F03E2039}.Debug|Any CPU.ActiveCfg = Debug|Any CPU
		{9A52A8E3-2EAD-452A-A773-73C3F03E2039}.Debug|Any CPU.Build.0 = Debug|Any CPU
		{9A52A8E3-2EAD-452A-A773-73C3F03E2039}.Release|Any CPU.ActiveCfg = Release|Any CPU
		{9A52A8E3-2EAD-452A-A773-73C3F03E2039}.Release|Any CPU.Build.0 = Release|Any CPU
		{80C73D4C-43CF-42DE-ADDC-7B0F06ECF086}.Debug|Any CPU.ActiveCfg = Debug|Any CPU
		{80C73D4C-43CF-42DE-ADDC-7B0F06ECF086}.Debug|Any CPU.Build.0 = Debug|Any CPU
		{80C73D4C-43CF-42DE-ADDC-7B0F06ECF086}.Release|Any CPU.ActiveCfg = Debug|Any CPU
		{80C73D4C-43CF-42DE-ADDC-7B0F06ECF086}.Release|Any CPU.Build.0 = Debug|Any CPU
		{5DD20A8A-4037-4885-AB91-2F5A3D1F48B4}.Debug|Any CPU.ActiveCfg = Debug|Any CPU
		{5DD20A8A-4037-4885-AB91-2F5A3D1F48B4}.Debug|Any CPU.Build.0 = Debug|Any CPU
		{5DD20A8A-4037-4885-AB91-2F5A3D1F48B4}.Release|Any CPU.ActiveCfg = Debug|Any CPU
		{5DD20A8A-4037-4885-AB91-2F5A3D1F48B4}.Release|Any CPU.Build.0 = Debug|Any CPU
	EndGlobalSection
	GlobalSection(SolutionProperties) = preSolution
		HideSolutionNode = FALSE
	EndGlobalSection
	GlobalSection(ExtensibilityGlobals) = postSolution
		SolutionGuid = {ACE86ABE-A606-41A6-A69C-6BBF90FAC7B6}
	EndGlobalSection
EndGlobal
